<?xml version="1.0" encoding="utf-8"?>
<Project ToolsVersion="4.0" xmlns="http://schemas.microsoft.com/developer/msbuild/2003">
  <ItemGroup>
    <Filter Include="Source Files">
      <UniqueIdentifier>{48e43bda-8193-4715-9232-188c0e71a7f1}</UniqueIdentifier>
      <Extensions>cpp;c;cxx;rc;def;r;odl;idl;hpj;bat</Extensions>
    </Filter>
    <Filter Include="Header Files">
      <UniqueIdentifier>{b4e82a98-2300-4ac8-a67c-ebd692113774}</UniqueIdentifier>
      <Extensions>h;hpp;hxx;hm;inl</Extensions>
    </Filter>
    <Filter Include="Resource Files">
      <UniqueIdentifier>{0176d467-c070-40b2-b56c-598fb0a9947a}</UniqueIdentifier>
      <Extensions>ico;cur;bmp;dlg;rc2;rct;bin;rgs;gif;jpg;jpeg;jpe</Extensions>
    </Filter>
  </ItemGroup>
  <ItemGroup>
    <ClCompile Include="ClassifyDlg.cpp">
      <Filter>Source Files</Filter>
    </ClCompile>
    <ClCompile Include="Compute_Param.cpp">
      <Filter>Source Files</Filter>
    </ClCompile>
    <ClCompile Include="Compute_Prompt.cpp">
      <Filter>Source Files</Filter>
    </ClCompile>
    <ClCompile Include="Compute_Result.cpp">
      <Filter>Source Files</Filter>
    </ClCompile>
    <ClCompile Include="GeneralPage.cpp">
      <Filter>Source Files</Filter>
    </ClCompile>
    <ClCompile Include="KerPage.cpp">
      <Filter>Source Files</Filter>
    </ClCompile>
    <ClCompile Include="LearnDlg.cpp">
      <Filter>Source Files</Filter>
    </ClCompile>
    <ClCompile Include="LearnPage.cpp">
      <Filter>Source Files</Filter>
    </ClCompile>
    <ClCompile Include="MainFrm.cpp">
      <Filter>Source Files</Filter>
    </ClCompile>
    <ClCompile Include="OptimizePage.cpp">
      <Filter>Source Files</Filter>
    </ClCompile>
    <ClCompile Include="PerformPage.cpp">
      <Filter>Source Files</Filter>
    </ClCompile>
    <ClCompile Include="PromptDlg.cpp">
      <Filter>Source Files</Filter>
    </ClCompile>
    <ClCompile Include="StdAfx.cpp">
      <Filter>Source Files</Filter>
    </ClCompile>
    <ClCompile Include="svm.cpp">
      <Filter>Source Files</Filter>
    </ClCompile>
    <ClCompile Include="svm_classify.cpp">
      <Filter>Source Files</Filter>
    </ClCompile>
    <ClCompile Include="svm_common.cpp">
      <Filter>Source Files</Filter>
    </ClCompile>
    <ClCompile Include="svm_learn.cpp">
      <Filter>Source Files</Filter>
    </ClCompile>
    <ClCompile Include="svm_learn_main.cpp">
      <Filter>Source Files</Filter>
    </ClCompile>
    <ClCompile Include="svmDoc.cpp">
      <Filter>Source Files</Filter>
    </ClCompile>
    <ClCompile Include="svmView.cpp">
      <Filter>Source Files</Filter>
    </ClCompile>
  </ItemGroup>
  <ItemGroup>
    <ResourceCompile Include="svm.rc">
      <Filter>Source Files</Filter>
    </ResourceCompile>
  </ItemGroup>
  <ItemGroup>
    <ClInclude Include="ClassifyDlg.h">
      <Filter>Header Files</Filter>
    </ClInclude>
    <ClInclude Include="Compute_Param.h">
      <Filter>Header Files</Filter>
    </ClInclude>
    <ClInclude Include="Compute_Prompt.h">
      <Filter>Header Files</Filter>
    </ClInclude>
    <ClInclude Include="Compute_Result.h">
      <Filter>Header Files</Filter>
    </ClInclude>
    <ClInclude Include="GeneralPage.h">
      <Filter>Header Files</Filter>
    </ClInclude>
    <ClInclude Include="KerPage.h">
      <Filter>Header Files</Filter>
    </ClInclude>
    <ClInclude Include="LearnDlg.h">
      <Filter>Header Files</Filter>
    </ClInclude>
    <ClInclude Include="LearnPage.h">
      <Filter>Header Files</Filter>
    </ClInclude>
    <ClInclude Include="MainFrm.h">
      <Filter>Header Files</Filter>
    </ClInclude>
    <ClInclude Include="OptimizePage.h">
      <Filter>Header Files</Filter>
    </ClInclude>
    <ClInclude Include="PerformPage.h">
      <Filter>Header Files</Filter>
    </ClInclude>
    <ClInclude Include="PromptDlg.h">
      <Filter>Header Files</Filter>
    </ClInclude>
    <ClInclude Include="Resource.h">
      <Filter>Header Files</Filter>
    </ClInclude>
    <ClInclude Include="StdAfx.h">
      <Filter>Header Files</Filter>
    </ClInclude>
    <ClInclude Include="svm.h">
      <Filter>Header Files</Filter>
    </ClInclude>
    <ClInclude Include="svm_classify.h">
      <Filter>Header Files</Filter>
    </ClInclude>
    <ClInclude Include="svm_common.h">
      <Filter>Header Files</Filter>
    </ClInclude>
    <ClInclude Include="svm_hideo.h">
      <Filter>Header Files</Filter>
    </ClInclude>
    <ClInclude Include="svm_learn.h">
      <Filter>Header Files</Filter>
    </ClInclude>
    <ClInclude Include="svm_learn_main.h">
      <Filter>Header Files</Filter>
    </ClInclude>
    <ClInclude Include="svmDoc.h">
      <Filter>Header Files</Filter>
    </ClInclude>
    <ClInclude Include="svmView.h">
      <Filter>Header Files</Filter>
    </ClInclude>
  </ItemGroup>
  <ItemGroup>
    <Image Include="res\CRDFLE07.ICO">
      <Filter>Resource Files</Filter>
    </Image>
    <Image Include="res\ERASE01.ICO">
      <Filter>Resource Files</Filter>
    </Image>
    <Image Include="res\FILES02A.ICO">
      <Filter>Resource Files</Filter>
    </Image>
    <Image Include="res\FILES05A.ICO">
      <Filter>Resource Files</Filter>
    </Image>
    <Image Include="res\GRAPH12.ICO">
      <Filter>Resource Files</Filter>
    </Image>
    <Image Include="res\HAMMER.ICO">
      <Filter>Resource Files</Filter>
    </Image>
    <Image Include="res\icon9.ico">
      <Filter>Resource Files</Filter>
    </Image>
    <Image Include="res\MISC06.ICO">
      <Filter>Resource Files</Filter>
    </Image>
    <Image Include="res\NOTE09.ICO">
      <Filter>Resource Files</Filter>
    </Image>
    <Image Include="res\PENCIL03.ICO">
      <Filter>Resource Files</Filter>
    </Image>
    <Image Include="res\svm.ico">
      <Filter>Resource Files</Filter>
    </Image>
    <Image Include="res\svmDoc.ico">
      <Filter>Resource Files</Filter>
    </Image>
    <Image Include="res\Toolbar.bmp">
      <Filter>Resource Files</Filter>
    </Image>
    <Image Include="res\TRFFC14.ICO">
      <Filter>Resource Files</Filter>
    </Image>
  </ItemGroup>
  <ItemGroup>
    <CustomBuild Include="res\svm.rc2">
      <Filter>Resource Files</Filter>
    </CustomBuild>
  </ItemGroup>
</Project>